
Microsoft Visual Studio Solution File, Format Version 12.00
# Visual Studio Version 17
VisualStudioVersion = 17.13.35931.197 d17.13
MinimumVisualStudioVersion = 10.0.40219.1
Project("{8BC9CEB8-8B4A-11D0-8D11-00A0C91BC942}") = "HTTPServer", "HTTPServer\HTTPServer.vcxproj", "{11C49A99-3387-4827-938D-3C1FD2C74B44}"
EndProject
Project("{8BC9CEB8-8B4A-11D0-8D11-00A0C91BC942}") = "framework", "framework\framework.vcxproj", "{FEFF6E0B-4571-473A-A355-1E7753ECD0F8}"
EndProject
Global
	GlobalSection(SolutionConfigurationPlatforms) = preSolution
		Debug|x64 = Debug|x64
		Debug|x86 = Debug|x86
		Release|x64 = Release|x64
		Release|x86 = Release|x86
	EndGlobalSection
	GlobalSection(ProjectConfigurationPlatforms) = postSolution
		{11C49A99-3387-4827-938D-3C1FD2C74B44}.Debug|x64.ActiveCfg = Debug|x64
		{11C49A99-3387-4827-938D-3C1FD2C74B44}.Debug|x64.Build.0 = Debug|x64
		{11C49A99-3387-4827-938D-3C1FD2C74B44}.Debug|x86.ActiveCfg = Debug|Win32
		{11C49A99-3387-4827-938D-3C1FD2C74B44}.Debug|x86.Build.0 = Debug|Win32
		{11C49A99-3387-4827-938D-3C1FD2C74B44}.Release|x64.ActiveCfg = Release|x64
		{11C49A99-3387-4827-938D-3C1FD2C74B44}.Release|x64.Build.0 = Release|x64
		{11C49A99-3387-4827-938D-3C1FD2C74B44}.Release|x86.ActiveCfg = Release|Win32
		{11C49A99-3387-4827-938D-3C1FD2C74B44}.Release|x86.Build.0 = Release|Win32
		{FEFF6E0B-4571-473A-A355-1E7753ECD0F8}.Debug|x64.ActiveCfg = Debug|x64
		{FEFF6E0B-4571-473A-A355-1E7753ECD0F8}.Debug|x64.Build.0 = Debug|x64
		{FEFF6E0B-4571-473A-A355-1E7753ECD0F8}.Debug|x86.ActiveCfg = Debug|Win32
		{FEFF6E0B-4571-473A-A355-1E7753ECD0F8}.Debug|x86.Build.0 = Debug|Win32
		{FEFF6E0B-4571-473A-A355-1E7753ECD0F8}.Release|x64.ActiveCfg = Release|x64
		{FEFF6E0B-4571-473A-A355-1E7753ECD0F8}.Release|x64.Build.0 = Release|x64
		{FEFF6E0B-4571-473A-A355-1E7753ECD0F8}.Release|x86.ActiveCfg = Release|Win32
		{FEFF6E0B-4571-473A-A355-1E7753ECD0F8}.Release|x86.Build.0 = Release|Win32
	EndGlobalSection
	GlobalSection(SolutionProperties) = preSolution
		HideSolutionNode = FALSE
	EndGlobalSection
	GlobalSection(ExtensibilityGlobals) = postSolution
		SolutionGuid = {157ED6E3-74EC-47E4-9856-9097F9673239}
	EndGlobalSection
EndGlobal
